{
	"name": "react-superstate",
	"version": "1.0.0",
	"lockfileVersion": 2,
	"requires": true,
	"packages": {
		"": {
			"version": "1.0.0",
			"license": "ISC",
			"dependencies": {
				"lok-superstate": "^1.0.0"
			}
		},
		"node_modules/lok-superstate": {
			"version": "1.0.0",
			"resolved": "https://registry.npmjs.org/lok-superstate/-/lok-superstate-1.0.0.tgz",
			"integrity": "sha512-aA3zHEx2DMWeUnP6OcqvR+mj91Zfm3owqDSN7QxDQxp1w0cIzR1wfj6xJIEc26GzHXJR8HtAqEVKYwJCRYrO3w=="
		}
	},
	"dependencies": {
		"lok-superstate": {
			"version": "1.0.0",
			"resolved": "https://registry.npmjs.org/lok-superstate/-/lok-superstate-1.0.0.tgz",
			"integrity": "sha512-aA3zHEx2DMWeUnP6OcqvR+mj91Zfm3owqDSN7QxDQxp1w0cIzR1wfj6xJIEc26GzHXJR8HtAqEVKYwJCRYrO3w=="
		}
	}
}
